{
  "object": {
    "pins": [
      {
        "package": "SwiftShell",
        "repositoryURL": "https://github.com/kareman/SwiftShell.git",
        "state": {
          "branch": null,
          "revision": "2614f86520e66e19328f11b00dabd474209e82f7",
          "version": "5.0.0"
        }
      }
    ]
  },
  "version": 1
}
